
Microsoft Visual Studio Solution File, Format Version 12.00
# Visual Studio 2013
VisualStudioVersion = 12.0.21005.1
MinimumVisualStudioVersion = 10.0.40219.1
Project("{FAE04EC0-301F-11D3-BF4B-00C04F79EFBC}") = "com.strava.api", "com.strava.api\com.strava.api.csproj", "{22ADBC7C-A736-49F8-BD04-BC4E2AD9B5B8}"
EndProject
Project("{2150E333-8FDC-42A3-9474-1A3956D46DE8}") = ".nuget", ".nuget", "{26940D5D-5E2F-4282-B27E-E0C1FC907474}"
	ProjectSection(SolutionItems) = preProject
		.nuget\NuGet.Config = .nuget\NuGet.Config
		.nuget\NuGet.exe = .nuget\NuGet.exe
		.nuget\NuGet.targets = .nuget\NuGet.targets
	EndProjectSection
EndProject
Project("{2150E333-8FDC-42A3-9474-1A3956D46DE8}") = "Build", "Build", "{11D33253-17C5-4A8C-B878-3E6E8528A4ED}"
	ProjectSection(SolutionItems) = preProject
		appveyor.yml = appveyor.yml
		build.cake = build.cake
		debug-build.ps1 = debug-build.ps1
		ReleaseNotes.md = ReleaseNotes.md
	EndProjectSection
EndProject
Project("{FAE04EC0-301F-11D3-BF4B-00C04F79EFBC}") = "Model.Tests", "com.strava.api\Model.Tests\ClassLibrary1\Model.Tests.csproj", "{B936D450-38B1-4BE3-8544-F4556528CB91}"
EndProject
Project("{FAE04EC0-301F-11D3-BF4B-00C04F79EFBC}") = "SwimBikeRun.Strive.Modules.Tests", "com.strava.api\Modules.Tests\SwimBikeRun.Strive.Modules.Tests.csproj", "{8BBB95EA-7A90-4A23-AD3B-EEA402D2109E}"
EndProject
Project("{2150E333-8FDC-42A3-9474-1A3956D46DE8}") = ".git", ".git", "{808C6FB6-8659-4740-810D-0F7AC19A25D6}"
	ProjectSection(SolutionItems) = preProject
		.gitattributes = .gitattributes
		.gitignore = .gitignore
	EndProjectSection
EndProject
Project("{FAE04EC0-301F-11D3-BF4B-00C04F79EFBC}") = "SwimBikeRun.Strive.Representations.Tests", "com.strava.api\Representations.Tests\Representations.Tests\SwimBikeRun.Strive.Representations.Tests.csproj", "{19E3CF3B-AFD3-40D1-8ED0-20BDD1BF3358}"
EndProject
Project("{FAE04EC0-301F-11D3-BF4B-00C04F79EFBC}") = "Helpers.Tests", "com.strava.api\Helpers.Tests\Helpers.Tests\Helpers.Tests.csproj", "{D00887CA-3C28-45C8-96A8-60DD646B3A86}"
EndProject
Project("{FAE04EC0-301F-11D3-BF4B-00C04F79EFBC}") = "Repositories.Tests", "com.strava.api\Repositories.Tests\Repositories.Tests\Repositories.Tests.csproj", "{3E73AFA4-5631-4CED-AAD6-3128875FC405}"
EndProject
Project("{2150E333-8FDC-42A3-9474-1A3956D46DE8}") = "Metrics", "Metrics", "{DFB76058-0338-454B-B551-431389AD1FC8}"
	ProjectSection(SolutionItems) = preProject
		com.strava.api.ruleset = com.strava.api.ruleset
	EndProjectSection
EndProject
Project("{FAE04EC0-301F-11D3-BF4B-00C04F79EFBC}") = "SwimBikeRun.Strive.Modules", "com.strava.api\SwimBikeRun.Strive.Modules\SwimBikeRun.Strive.Modules.csproj", "{68F5F5F3-B8BB-4911-875F-6F00AAE04EA6}"
EndProject
Project("{2150E333-8FDC-42A3-9474-1A3956D46DE8}") = "Tests", "Tests", "{19938A27-71C7-41DD-BB86-5C8ADEF8795B}"
EndProject
Project("{FAE04EC0-301F-11D3-BF4B-00C04F79EFBC}") = "SwimBikeRun.Strive.Model.Interfaces", "SwimBikeRun.Strive.Model.Interfaces\SwimBikeRun.Strive.Model.Interfaces.csproj", "{20400FF7-8E2E-4066-A5A3-24E955929A7E}"
EndProject
Project("{FAE04EC0-301F-11D3-BF4B-00C04F79EFBC}") = "SwimBikeRun.Strive.Model.Enums", "SwimBikeRun.Strive.Model.Enums\SwimBikeRun.Strive.Model.Enums.csproj", "{FC602659-C397-436F-AB45-8DF03A5F8576}"
EndProject
Project("{FAE04EC0-301F-11D3-BF4B-00C04F79EFBC}") = "SwimBikeRun.Strive.Representations", "SwimBikeRun.Strive.Representations\SwimBikeRun.Strive.Representations.csproj", "{88DB79F3-DBAB-477E-9450-8A60792A168C}"
EndProject
Project("{FAE04EC0-301F-11D3-BF4B-00C04F79EFBC}") = "SwimBikeRun.Strive.Workflows", "SwimBikeRun.Strive.Workflows\SwimBikeRun.Strive.Workflows.csproj", "{7263AE19-7B31-41A7-9D4E-535D87C67139}"
EndProject
Project("{FAE04EC0-301F-11D3-BF4B-00C04F79EFBC}") = "SwimBikeRun.Strive.Repositories", "SwimBikeRun.Strive.Repositories\SwimBikeRun.Strive.Repositories.csproj", "{30237B2F-6421-4171-85BA-75E990C49B2A}"
EndProject
Project("{FAE04EC0-301F-11D3-BF4B-00C04F79EFBC}") = "SwimBikeRun.Strive.Model", "SwimBikeRun.Strive.Model\SwimBikeRun.Strive.Model.csproj", "{7A521178-9C1B-4CEC-A1CD-0BBF4ECFE53F}"
EndProject
Project("{FAE04EC0-301F-11D3-BF4B-00C04F79EFBC}") = "SwimBikeRun.Strive.Representations.Interfaces", "SwimBikeRun.Strive.Representations.Interfaces\SwimBikeRun.Strive.Representations.Interfaces.csproj", "{3F7A9C79-DCDC-442D-B8E2-2B2216849F0B}"
EndProject
Project("{FAE04EC0-301F-11D3-BF4B-00C04F79EFBC}") = "SwimBikeRun.Strive.Representations.Enums", "SwimBikeRun.Strive.Representations.Enums\SwimBikeRun.Strive.Representations.Enums.csproj", "{E28C7FF1-1C39-46B1-BDD2-333FD5766DC7}"
EndProject
Project("{FAE04EC0-301F-11D3-BF4B-00C04F79EFBC}") = "SwimBikeRun.Strive.Workflows.Interfaces", "SwimBikeRun.Strive.Workflows.Interfaces\SwimBikeRun.Strive.Workflows.Interfaces.csproj", "{43CFCB33-5830-4F80-BC57-3980B85B0CB0}"
EndProject
Global
	GlobalSection(SolutionConfigurationPlatforms) = preSolution
		AppVeyor|Any CPU = AppVeyor|Any CPU
		Debug|Any CPU = Debug|Any CPU
		Release|Any CPU = Release|Any CPU
	EndGlobalSection
	GlobalSection(ProjectConfigurationPlatforms) = postSolution
		{22ADBC7C-A736-49F8-BD04-BC4E2AD9B5B8}.AppVeyor|Any CPU.ActiveCfg = AppVeyor|Any CPU
		{22ADBC7C-A736-49F8-BD04-BC4E2AD9B5B8}.AppVeyor|Any CPU.Build.0 = AppVeyor|Any CPU
		{22ADBC7C-A736-49F8-BD04-BC4E2AD9B5B8}.Debug|Any CPU.ActiveCfg = Debug|Any CPU
		{22ADBC7C-A736-49F8-BD04-BC4E2AD9B5B8}.Debug|Any CPU.Build.0 = Debug|Any CPU
		{22ADBC7C-A736-49F8-BD04-BC4E2AD9B5B8}.Release|Any CPU.ActiveCfg = Release|Any CPU
		{22ADBC7C-A736-49F8-BD04-BC4E2AD9B5B8}.Release|Any CPU.Build.0 = Release|Any CPU
		{B936D450-38B1-4BE3-8544-F4556528CB91}.AppVeyor|Any CPU.ActiveCfg = AppVeyor|Any CPU
		{B936D450-38B1-4BE3-8544-F4556528CB91}.AppVeyor|Any CPU.Build.0 = AppVeyor|Any CPU
		{B936D450-38B1-4BE3-8544-F4556528CB91}.Debug|Any CPU.ActiveCfg = Debug|Any CPU
		{B936D450-38B1-4BE3-8544-F4556528CB91}.Debug|Any CPU.Build.0 = Debug|Any CPU
		{B936D450-38B1-4BE3-8544-F4556528CB91}.Release|Any CPU.ActiveCfg = Release|Any CPU
		{B936D450-38B1-4BE3-8544-F4556528CB91}.Release|Any CPU.Build.0 = Release|Any CPU
		{8BBB95EA-7A90-4A23-AD3B-EEA402D2109E}.AppVeyor|Any CPU.ActiveCfg = AppVeyor|Any CPU
		{8BBB95EA-7A90-4A23-AD3B-EEA402D2109E}.AppVeyor|Any CPU.Build.0 = AppVeyor|Any CPU
		{8BBB95EA-7A90-4A23-AD3B-EEA402D2109E}.Debug|Any CPU.ActiveCfg = Debug|Any CPU
		{8BBB95EA-7A90-4A23-AD3B-EEA402D2109E}.Debug|Any CPU.Build.0 = Debug|Any CPU
		{8BBB95EA-7A90-4A23-AD3B-EEA402D2109E}.Release|Any CPU.ActiveCfg = Release|Any CPU
		{8BBB95EA-7A90-4A23-AD3B-EEA402D2109E}.Release|Any CPU.Build.0 = Release|Any CPU
		{19E3CF3B-AFD3-40D1-8ED0-20BDD1BF3358}.AppVeyor|Any CPU.ActiveCfg = AppVeyor|Any CPU
		{19E3CF3B-AFD3-40D1-8ED0-20BDD1BF3358}.AppVeyor|Any CPU.Build.0 = AppVeyor|Any CPU
		{19E3CF3B-AFD3-40D1-8ED0-20BDD1BF3358}.Debug|Any CPU.ActiveCfg = Debug|Any CPU
		{19E3CF3B-AFD3-40D1-8ED0-20BDD1BF3358}.Debug|Any CPU.Build.0 = Debug|Any CPU
		{19E3CF3B-AFD3-40D1-8ED0-20BDD1BF3358}.Release|Any CPU.ActiveCfg = Release|Any CPU
		{19E3CF3B-AFD3-40D1-8ED0-20BDD1BF3358}.Release|Any CPU.Build.0 = Release|Any CPU
		{D00887CA-3C28-45C8-96A8-60DD646B3A86}.AppVeyor|Any CPU.ActiveCfg = AppVeyor|Any CPU
		{D00887CA-3C28-45C8-96A8-60DD646B3A86}.AppVeyor|Any CPU.Build.0 = AppVeyor|Any CPU
		{D00887CA-3C28-45C8-96A8-60DD646B3A86}.Debug|Any CPU.ActiveCfg = Debug|Any CPU
		{D00887CA-3C28-45C8-96A8-60DD646B3A86}.Debug|Any CPU.Build.0 = Debug|Any CPU
		{D00887CA-3C28-45C8-96A8-60DD646B3A86}.Release|Any CPU.ActiveCfg = Release|Any CPU
		{D00887CA-3C28-45C8-96A8-60DD646B3A86}.Release|Any CPU.Build.0 = Release|Any CPU
		{3E73AFA4-5631-4CED-AAD6-3128875FC405}.AppVeyor|Any CPU.ActiveCfg = AppVeyor|Any CPU
		{3E73AFA4-5631-4CED-AAD6-3128875FC405}.AppVeyor|Any CPU.Build.0 = AppVeyor|Any CPU
		{3E73AFA4-5631-4CED-AAD6-3128875FC405}.Debug|Any CPU.ActiveCfg = Debug|Any CPU
		{3E73AFA4-5631-4CED-AAD6-3128875FC405}.Debug|Any CPU.Build.0 = Debug|Any CPU
		{3E73AFA4-5631-4CED-AAD6-3128875FC405}.Release|Any CPU.ActiveCfg = Release|Any CPU
		{3E73AFA4-5631-4CED-AAD6-3128875FC405}.Release|Any CPU.Build.0 = Release|Any CPU
		{68F5F5F3-B8BB-4911-875F-6F00AAE04EA6}.AppVeyor|Any CPU.ActiveCfg = AppVeyor|Any CPU
		{68F5F5F3-B8BB-4911-875F-6F00AAE04EA6}.AppVeyor|Any CPU.Build.0 = AppVeyor|Any CPU
		{68F5F5F3-B8BB-4911-875F-6F00AAE04EA6}.Debug|Any CPU.ActiveCfg = Debug|Any CPU
		{68F5F5F3-B8BB-4911-875F-6F00AAE04EA6}.Debug|Any CPU.Build.0 = Debug|Any CPU
		{68F5F5F3-B8BB-4911-875F-6F00AAE04EA6}.Release|Any CPU.ActiveCfg = Release|Any CPU
		{68F5F5F3-B8BB-4911-875F-6F00AAE04EA6}.Release|Any CPU.Build.0 = Release|Any CPU
		{20400FF7-8E2E-4066-A5A3-24E955929A7E}.AppVeyor|Any CPU.ActiveCfg = Release|Any CPU
		{20400FF7-8E2E-4066-A5A3-24E955929A7E}.AppVeyor|Any CPU.Build.0 = Release|Any CPU
		{20400FF7-8E2E-4066-A5A3-24E955929A7E}.Debug|Any CPU.ActiveCfg = Debug|Any CPU
		{20400FF7-8E2E-4066-A5A3-24E955929A7E}.Debug|Any CPU.Build.0 = Debug|Any CPU
		{20400FF7-8E2E-4066-A5A3-24E955929A7E}.Release|Any CPU.ActiveCfg = Release|Any CPU
		{20400FF7-8E2E-4066-A5A3-24E955929A7E}.Release|Any CPU.Build.0 = Release|Any CPU
		{FC602659-C397-436F-AB45-8DF03A5F8576}.AppVeyor|Any CPU.ActiveCfg = Release|Any CPU
		{FC602659-C397-436F-AB45-8DF03A5F8576}.AppVeyor|Any CPU.Build.0 = Release|Any CPU
		{FC602659-C397-436F-AB45-8DF03A5F8576}.Debug|Any CPU.ActiveCfg = Debug|Any CPU
		{FC602659-C397-436F-AB45-8DF03A5F8576}.Debug|Any CPU.Build.0 = Debug|Any CPU
		{FC602659-C397-436F-AB45-8DF03A5F8576}.Release|Any CPU.ActiveCfg = Release|Any CPU
		{FC602659-C397-436F-AB45-8DF03A5F8576}.Release|Any CPU.Build.0 = Release|Any CPU
		{88DB79F3-DBAB-477E-9450-8A60792A168C}.AppVeyor|Any CPU.ActiveCfg = Release|Any CPU
		{88DB79F3-DBAB-477E-9450-8A60792A168C}.AppVeyor|Any CPU.Build.0 = Release|Any CPU
		{88DB79F3-DBAB-477E-9450-8A60792A168C}.Debug|Any CPU.ActiveCfg = Debug|Any CPU
		{88DB79F3-DBAB-477E-9450-8A60792A168C}.Debug|Any CPU.Build.0 = Debug|Any CPU
		{88DB79F3-DBAB-477E-9450-8A60792A168C}.Release|Any CPU.ActiveCfg = Release|Any CPU
		{88DB79F3-DBAB-477E-9450-8A60792A168C}.Release|Any CPU.Build.0 = Release|Any CPU
		{7263AE19-7B31-41A7-9D4E-535D87C67139}.AppVeyor|Any CPU.ActiveCfg = Release|Any CPU
		{7263AE19-7B31-41A7-9D4E-535D87C67139}.AppVeyor|Any CPU.Build.0 = Release|Any CPU
		{7263AE19-7B31-41A7-9D4E-535D87C67139}.Debug|Any CPU.ActiveCfg = Debug|Any CPU
		{7263AE19-7B31-41A7-9D4E-535D87C67139}.Debug|Any CPU.Build.0 = Debug|Any CPU
		{7263AE19-7B31-41A7-9D4E-535D87C67139}.Release|Any CPU.ActiveCfg = Release|Any CPU
		{7263AE19-7B31-41A7-9D4E-535D87C67139}.Release|Any CPU.Build.0 = Release|Any CPU
		{30237B2F-6421-4171-85BA-75E990C49B2A}.AppVeyor|Any CPU.ActiveCfg = Release|Any CPU
		{30237B2F-6421-4171-85BA-75E990C49B2A}.AppVeyor|Any CPU.Build.0 = Release|Any CPU
		{30237B2F-6421-4171-85BA-75E990C49B2A}.Debug|Any CPU.ActiveCfg = Debug|Any CPU
		{30237B2F-6421-4171-85BA-75E990C49B2A}.Debug|Any CPU.Build.0 = Debug|Any CPU
		{30237B2F-6421-4171-85BA-75E990C49B2A}.Release|Any CPU.ActiveCfg = Release|Any CPU
		{30237B2F-6421-4171-85BA-75E990C49B2A}.Release|Any CPU.Build.0 = Release|Any CPU
		{7A521178-9C1B-4CEC-A1CD-0BBF4ECFE53F}.AppVeyor|Any CPU.ActiveCfg = Release|Any CPU
		{7A521178-9C1B-4CEC-A1CD-0BBF4ECFE53F}.AppVeyor|Any CPU.Build.0 = Release|Any CPU
		{7A521178-9C1B-4CEC-A1CD-0BBF4ECFE53F}.Debug|Any CPU.ActiveCfg = Debug|Any CPU
		{7A521178-9C1B-4CEC-A1CD-0BBF4ECFE53F}.Debug|Any CPU.Build.0 = Debug|Any CPU
		{7A521178-9C1B-4CEC-A1CD-0BBF4ECFE53F}.Release|Any CPU.ActiveCfg = Release|Any CPU
		{7A521178-9C1B-4CEC-A1CD-0BBF4ECFE53F}.Release|Any CPU.Build.0 = Release|Any CPU
		{3F7A9C79-DCDC-442D-B8E2-2B2216849F0B}.AppVeyor|Any CPU.ActiveCfg = Release|Any CPU
		{3F7A9C79-DCDC-442D-B8E2-2B2216849F0B}.AppVeyor|Any CPU.Build.0 = Release|Any CPU
		{3F7A9C79-DCDC-442D-B8E2-2B2216849F0B}.Debug|Any CPU.ActiveCfg = Debug|Any CPU
		{3F7A9C79-DCDC-442D-B8E2-2B2216849F0B}.Debug|Any CPU.Build.0 = Debug|Any CPU
		{3F7A9C79-DCDC-442D-B8E2-2B2216849F0B}.Release|Any CPU.ActiveCfg = Release|Any CPU
		{3F7A9C79-DCDC-442D-B8E2-2B2216849F0B}.Release|Any CPU.Build.0 = Release|Any CPU
		{E28C7FF1-1C39-46B1-BDD2-333FD5766DC7}.AppVeyor|Any CPU.ActiveCfg = Release|Any CPU
		{E28C7FF1-1C39-46B1-BDD2-333FD5766DC7}.AppVeyor|Any CPU.Build.0 = Release|Any CPU
		{E28C7FF1-1C39-46B1-BDD2-333FD5766DC7}.Debug|Any CPU.ActiveCfg = Debug|Any CPU
		{E28C7FF1-1C39-46B1-BDD2-333FD5766DC7}.Debug|Any CPU.Build.0 = Debug|Any CPU
		{E28C7FF1-1C39-46B1-BDD2-333FD5766DC7}.Release|Any CPU.ActiveCfg = Release|Any CPU
		{E28C7FF1-1C39-46B1-BDD2-333FD5766DC7}.Release|Any CPU.Build.0 = Release|Any CPU
		{43CFCB33-5830-4F80-BC57-3980B85B0CB0}.AppVeyor|Any CPU.ActiveCfg = Release|Any CPU
		{43CFCB33-5830-4F80-BC57-3980B85B0CB0}.AppVeyor|Any CPU.Build.0 = Release|Any CPU
		{43CFCB33-5830-4F80-BC57-3980B85B0CB0}.Debug|Any CPU.ActiveCfg = Debug|Any CPU
		{43CFCB33-5830-4F80-BC57-3980B85B0CB0}.Debug|Any CPU.Build.0 = Debug|Any CPU
		{43CFCB33-5830-4F80-BC57-3980B85B0CB0}.Release|Any CPU.ActiveCfg = Release|Any CPU
		{43CFCB33-5830-4F80-BC57-3980B85B0CB0}.Release|Any CPU.Build.0 = Release|Any CPU
	EndGlobalSection
	GlobalSection(SolutionProperties) = preSolution
		HideSolutionNode = FALSE
	EndGlobalSection
	GlobalSection(NestedProjects) = preSolution
		{8BBB95EA-7A90-4A23-AD3B-EEA402D2109E} = {19938A27-71C7-41DD-BB86-5C8ADEF8795B}
		{19E3CF3B-AFD3-40D1-8ED0-20BDD1BF3358} = {19938A27-71C7-41DD-BB86-5C8ADEF8795B}
	EndGlobalSection
	GlobalSection(NDepend) = preSolution
		Project = ".\com.strava.api.ndproj"
	EndGlobalSection
EndGlobal
